
Microsoft Visual Studio Solution File, Format Version 12.00
# Visual Studio Version 17
VisualStudioVersion = 17.11.35219.272
MinimumVisualStudioVersion = 10.0.40219.1
Project("{8BC9CEB8-8B4A-11D0-8D11-00A0C91BC942}") = "hooks", "Hooking\Hooking.vcxproj", "{05D94454-FC42-4E28-8DC1-1B0788114CAE}"
EndProject
Project("{8BC9CEB8-8B4A-11D0-8D11-00A0C91BC942}") = "libMinHook", "dependencies\minhook\build\VC17\libMinHook.vcxproj", "{F142A341-5EE0-442D-A15F-98AE9B48DBAE}"
EndProject
Project("{8BC9CEB8-8B4A-11D0-8D11-00A0C91BC942}") = "patching_static", "patching_static\patching_static.vcxproj", "{295DFF31-9690-49C5-B3D5-692E6DE4D1CF}"
	ProjectSection(ProjectDependencies) = postProject
		{07B61F26-4F3A-43C0-9A61-5E7CBFE10F0D} = {07B61F26-4F3A-43C0-9A61-5E7CBFE10F0D}
	EndProjectSection
EndProject
Project("{8BC9CEB8-8B4A-11D0-8D11-00A0C91BC942}") = "DLLInjector", "DLLInjector\DLLInjector.vcxproj", "{BF208D14-5F2A-44FD-A07C-9A651641D3A2}"
EndProject
Project("{8BC9CEB8-8B4A-11D0-8D11-00A0C91BC942}") = "capstone_static", "dependencies\cccapstone\capstone\msvc\capstone_static\capstone_static.vcxproj", "{5B01D900-2359-44CA-9914-6B0C6AFB7BE7}"
EndProject
Project("{2150E333-8FDC-42A3-9474-1A3956D46DE8}") = "Solution Items", "Solution Items", "{DA5A5401-6A4C-4CB5-B78C-B1AFE772B378}"
EndProject
Project("{9A19103F-16F7-4668-BE54-9A1E7A4F7556}") = "OverGUI", "OverGUI\OverGUI.csproj", "{A35AC4F0-7EAA-4290-9415-981E6FE22E23}"
EndProject
Project("{8BC9CEB8-8B4A-11D0-8D11-00A0C91BC942}") = "betawatch", "..\..\forkbetawatch_hooker\betawatch\betawatch.vcxproj", "{07B61F26-4F3A-43C0-9A61-5E7CBFE10F0D}"
EndProject
Global
	GlobalSection(SolutionConfigurationPlatforms) = preSolution
		Debug|Any CPU = Debug|Any CPU
		Debug|Win32 = Debug|Win32
		Debug|x64 = Debug|x64
		Debug|x86 = Debug|x86
		Release|Any CPU = Release|Any CPU
		Release|Win32 = Release|Win32
		Release|x64 = Release|x64
		Release|x86 = Release|x86
	EndGlobalSection
	GlobalSection(ProjectConfigurationPlatforms) = postSolution
		{05D94454-FC42-4E28-8DC1-1B0788114CAE}.Debug|Any CPU.ActiveCfg = Debug|x64
		{05D94454-FC42-4E28-8DC1-1B0788114CAE}.Debug|Any CPU.Build.0 = Debug|x64
		{05D94454-FC42-4E28-8DC1-1B0788114CAE}.Debug|Win32.ActiveCfg = Debug|Win32
		{05D94454-FC42-4E28-8DC1-1B0788114CAE}.Debug|Win32.Build.0 = Debug|Win32
		{05D94454-FC42-4E28-8DC1-1B0788114CAE}.Debug|x64.ActiveCfg = Debug|x64
		{05D94454-FC42-4E28-8DC1-1B0788114CAE}.Debug|x64.Build.0 = Debug|x64
		{05D94454-FC42-4E28-8DC1-1B0788114CAE}.Debug|x86.ActiveCfg = Debug|Win32
		{05D94454-FC42-4E28-8DC1-1B0788114CAE}.Debug|x86.Build.0 = Debug|Win32
		{05D94454-FC42-4E28-8DC1-1B0788114CAE}.Release|Any CPU.ActiveCfg = Release|x64
		{05D94454-FC42-4E28-8DC1-1B0788114CAE}.Release|Any CPU.Build.0 = Release|x64
		{05D94454-FC42-4E28-8DC1-1B0788114CAE}.Release|Win32.ActiveCfg = Release|Win32
		{05D94454-FC42-4E28-8DC1-1B0788114CAE}.Release|Win32.Build.0 = Release|Win32
		{05D94454-FC42-4E28-8DC1-1B0788114CAE}.Release|x64.ActiveCfg = Release|x64
		{05D94454-FC42-4E28-8DC1-1B0788114CAE}.Release|x64.Build.0 = Release|x64
		{05D94454-FC42-4E28-8DC1-1B0788114CAE}.Release|x86.ActiveCfg = Release|Win32
		{05D94454-FC42-4E28-8DC1-1B0788114CAE}.Release|x86.Build.0 = Release|Win32
		{F142A341-5EE0-442D-A15F-98AE9B48DBAE}.Debug|Any CPU.ActiveCfg = Debug|x64
		{F142A341-5EE0-442D-A15F-98AE9B48DBAE}.Debug|Any CPU.Build.0 = Debug|x64
		{F142A341-5EE0-442D-A15F-98AE9B48DBAE}.Debug|Win32.ActiveCfg = Debug|Win32
		{F142A341-5EE0-442D-A15F-98AE9B48DBAE}.Debug|Win32.Build.0 = Debug|Win32
		{F142A341-5EE0-442D-A15F-98AE9B48DBAE}.Debug|x64.ActiveCfg = Debug|x64
		{F142A341-5EE0-442D-A15F-98AE9B48DBAE}.Debug|x64.Build.0 = Debug|x64
		{F142A341-5EE0-442D-A15F-98AE9B48DBAE}.Debug|x86.ActiveCfg = Debug|Win32
		{F142A341-5EE0-442D-A15F-98AE9B48DBAE}.Debug|x86.Build.0 = Debug|Win32
		{F142A341-5EE0-442D-A15F-98AE9B48DBAE}.Release|Any CPU.ActiveCfg = Release|x64
		{F142A341-5EE0-442D-A15F-98AE9B48DBAE}.Release|Any CPU.Build.0 = Release|x64
		{F142A341-5EE0-442D-A15F-98AE9B48DBAE}.Release|Win32.ActiveCfg = Release|Win32
		{F142A341-5EE0-442D-A15F-98AE9B48DBAE}.Release|Win32.Build.0 = Release|Win32
		{F142A341-5EE0-442D-A15F-98AE9B48DBAE}.Release|x64.ActiveCfg = Release|x64
		{F142A341-5EE0-442D-A15F-98AE9B48DBAE}.Release|x64.Build.0 = Release|x64
		{F142A341-5EE0-442D-A15F-98AE9B48DBAE}.Release|x86.ActiveCfg = Release|Win32
		{F142A341-5EE0-442D-A15F-98AE9B48DBAE}.Release|x86.Build.0 = Release|Win32
		{295DFF31-9690-49C5-B3D5-692E6DE4D1CF}.Debug|Any CPU.ActiveCfg = Debug|x64
		{295DFF31-9690-49C5-B3D5-692E6DE4D1CF}.Debug|Any CPU.Build.0 = Debug|x64
		{295DFF31-9690-49C5-B3D5-692E6DE4D1CF}.Debug|Win32.ActiveCfg = Debug|Win32
		{295DFF31-9690-49C5-B3D5-692E6DE4D1CF}.Debug|Win32.Build.0 = Debug|Win32
		{295DFF31-9690-49C5-B3D5-692E6DE4D1CF}.Debug|x64.ActiveCfg = Debug|x64
		{295DFF31-9690-49C5-B3D5-692E6DE4D1CF}.Debug|x64.Build.0 = Debug|x64
		{295DFF31-9690-49C5-B3D5-692E6DE4D1CF}.Debug|x86.ActiveCfg = Debug|Win32
		{295DFF31-9690-49C5-B3D5-692E6DE4D1CF}.Debug|x86.Build.0 = Debug|Win32
		{295DFF31-9690-49C5-B3D5-692E6DE4D1CF}.Release|Any CPU.ActiveCfg = Release|x64
		{295DFF31-9690-49C5-B3D5-692E6DE4D1CF}.Release|Any CPU.Build.0 = Release|x64
		{295DFF31-9690-49C5-B3D5-692E6DE4D1CF}.Release|Win32.ActiveCfg = Release|Win32
		{295DFF31-9690-49C5-B3D5-692E6DE4D1CF}.Release|Win32.Build.0 = Release|Win32
		{295DFF31-9690-49C5-B3D5-692E6DE4D1CF}.Release|x64.ActiveCfg = Release|x64
		{295DFF31-9690-49C5-B3D5-692E6DE4D1CF}.Release|x64.Build.0 = Release|x64
		{295DFF31-9690-49C5-B3D5-692E6DE4D1CF}.Release|x86.ActiveCfg = Release|Win32
		{295DFF31-9690-49C5-B3D5-692E6DE4D1CF}.Release|x86.Build.0 = Release|Win32
		{BF208D14-5F2A-44FD-A07C-9A651641D3A2}.Debug|Any CPU.ActiveCfg = Debug|x64
		{BF208D14-5F2A-44FD-A07C-9A651641D3A2}.Debug|Any CPU.Build.0 = Debug|x64
		{BF208D14-5F2A-44FD-A07C-9A651641D3A2}.Debug|Win32.ActiveCfg = Debug|Win32
		{BF208D14-5F2A-44FD-A07C-9A651641D3A2}.Debug|Win32.Build.0 = Debug|Win32
		{BF208D14-5F2A-44FD-A07C-9A651641D3A2}.Debug|x64.ActiveCfg = Debug|x64
		{BF208D14-5F2A-44FD-A07C-9A651641D3A2}.Debug|x64.Build.0 = Debug|x64
		{BF208D14-5F2A-44FD-A07C-9A651641D3A2}.Debug|x86.ActiveCfg = Debug|Win32
		{BF208D14-5F2A-44FD-A07C-9A651641D3A2}.Debug|x86.Build.0 = Debug|Win32
		{BF208D14-5F2A-44FD-A07C-9A651641D3A2}.Release|Any CPU.ActiveCfg = Release|x64
		{BF208D14-5F2A-44FD-A07C-9A651641D3A2}.Release|Any CPU.Build.0 = Release|x64
		{BF208D14-5F2A-44FD-A07C-9A651641D3A2}.Release|Win32.ActiveCfg = Release|Win32
		{BF208D14-5F2A-44FD-A07C-9A651641D3A2}.Release|Win32.Build.0 = Release|Win32
		{BF208D14-5F2A-44FD-A07C-9A651641D3A2}.Release|x64.ActiveCfg = Release|x64
		{BF208D14-5F2A-44FD-A07C-9A651641D3A2}.Release|x64.Build.0 = Release|x64
		{BF208D14-5F2A-44FD-A07C-9A651641D3A2}.Release|x86.ActiveCfg = Release|Win32
		{BF208D14-5F2A-44FD-A07C-9A651641D3A2}.Release|x86.Build.0 = Release|Win32
		{5B01D900-2359-44CA-9914-6B0C6AFB7BE7}.Debug|Any CPU.ActiveCfg = Debug|x64
		{5B01D900-2359-44CA-9914-6B0C6AFB7BE7}.Debug|Any CPU.Build.0 = Debug|x64
		{5B01D900-2359-44CA-9914-6B0C6AFB7BE7}.Debug|Win32.ActiveCfg = Debug|Win32
		{5B01D900-2359-44CA-9914-6B0C6AFB7BE7}.Debug|Win32.Build.0 = Debug|Win32
		{5B01D900-2359-44CA-9914-6B0C6AFB7BE7}.Debug|x64.ActiveCfg = Debug|x64
		{5B01D900-2359-44CA-9914-6B0C6AFB7BE7}.Debug|x64.Build.0 = Debug|x64
		{5B01D900-2359-44CA-9914-6B0C6AFB7BE7}.Debug|x86.ActiveCfg = Debug|Win32
		{5B01D900-2359-44CA-9914-6B0C6AFB7BE7}.Debug|x86.Build.0 = Debug|Win32
		{5B01D900-2359-44CA-9914-6B0C6AFB7BE7}.Release|Any CPU.ActiveCfg = Release|x64
		{5B01D900-2359-44CA-9914-6B0C6AFB7BE7}.Release|Any CPU.Build.0 = Release|x64
		{5B01D900-2359-44CA-9914-6B0C6AFB7BE7}.Release|Win32.ActiveCfg = Release|Win32
		{5B01D900-2359-44CA-9914-6B0C6AFB7BE7}.Release|Win32.Build.0 = Release|Win32
		{5B01D900-2359-44CA-9914-6B0C6AFB7BE7}.Release|x64.ActiveCfg = Release|x64
		{5B01D900-2359-44CA-9914-6B0C6AFB7BE7}.Release|x64.Build.0 = Release|x64
		{5B01D900-2359-44CA-9914-6B0C6AFB7BE7}.Release|x86.ActiveCfg = Release|Win32
		{5B01D900-2359-44CA-9914-6B0C6AFB7BE7}.Release|x86.Build.0 = Release|Win32
		{A35AC4F0-7EAA-4290-9415-981E6FE22E23}.Debug|Any CPU.ActiveCfg = Debug|Any CPU
		{A35AC4F0-7EAA-4290-9415-981E6FE22E23}.Debug|Any CPU.Build.0 = Debug|Any CPU
		{A35AC4F0-7EAA-4290-9415-981E6FE22E23}.Debug|Win32.ActiveCfg = Debug|Any CPU
		{A35AC4F0-7EAA-4290-9415-981E6FE22E23}.Debug|Win32.Build.0 = Debug|Any CPU
		{A35AC4F0-7EAA-4290-9415-981E6FE22E23}.Debug|x64.ActiveCfg = Debug|Any CPU
		{A35AC4F0-7EAA-4290-9415-981E6FE22E23}.Debug|x64.Build.0 = Debug|Any CPU
		{A35AC4F0-7EAA-4290-9415-981E6FE22E23}.Debug|x86.ActiveCfg = Debug|Any CPU
		{A35AC4F0-7EAA-4290-9415-981E6FE22E23}.Debug|x86.Build.0 = Debug|Any CPU
		{A35AC4F0-7EAA-4290-9415-981E6FE22E23}.Release|Any CPU.ActiveCfg = Release|Any CPU
		{A35AC4F0-7EAA-4290-9415-981E6FE22E23}.Release|Any CPU.Build.0 = Release|Any CPU
		{A35AC4F0-7EAA-4290-9415-981E6FE22E23}.Release|Win32.ActiveCfg = Release|Any CPU
		{A35AC4F0-7EAA-4290-9415-981E6FE22E23}.Release|Win32.Build.0 = Release|Any CPU
		{A35AC4F0-7EAA-4290-9415-981E6FE22E23}.Release|x64.ActiveCfg = Release|Any CPU
		{A35AC4F0-7EAA-4290-9415-981E6FE22E23}.Release|x64.Build.0 = Release|Any CPU
		{A35AC4F0-7EAA-4290-9415-981E6FE22E23}.Release|x86.ActiveCfg = Release|Any CPU
		{A35AC4F0-7EAA-4290-9415-981E6FE22E23}.Release|x86.Build.0 = Release|Any CPU
		{07B61F26-4F3A-43C0-9A61-5E7CBFE10F0D}.Debug|Any CPU.ActiveCfg = Debug|x64
		{07B61F26-4F3A-43C0-9A61-5E7CBFE10F0D}.Debug|Any CPU.Build.0 = Debug|x64
		{07B61F26-4F3A-43C0-9A61-5E7CBFE10F0D}.Debug|Win32.ActiveCfg = Debug|Win32
		{07B61F26-4F3A-43C0-9A61-5E7CBFE10F0D}.Debug|Win32.Build.0 = Debug|Win32
		{07B61F26-4F3A-43C0-9A61-5E7CBFE10F0D}.Debug|x64.ActiveCfg = Debug|x64
		{07B61F26-4F3A-43C0-9A61-5E7CBFE10F0D}.Debug|x64.Build.0 = Debug|x64
		{07B61F26-4F3A-43C0-9A61-5E7CBFE10F0D}.Debug|x86.ActiveCfg = Debug|Win32
		{07B61F26-4F3A-43C0-9A61-5E7CBFE10F0D}.Debug|x86.Build.0 = Debug|Win32
		{07B61F26-4F3A-43C0-9A61-5E7CBFE10F0D}.Release|Any CPU.ActiveCfg = Release|x64
		{07B61F26-4F3A-43C0-9A61-5E7CBFE10F0D}.Release|Any CPU.Build.0 = Release|x64
		{07B61F26-4F3A-43C0-9A61-5E7CBFE10F0D}.Release|Win32.ActiveCfg = Release|Win32
		{07B61F26-4F3A-43C0-9A61-5E7CBFE10F0D}.Release|Win32.Build.0 = Release|Win32
		{07B61F26-4F3A-43C0-9A61-5E7CBFE10F0D}.Release|x64.ActiveCfg = Release|x64
		{07B61F26-4F3A-43C0-9A61-5E7CBFE10F0D}.Release|x64.Build.0 = Release|x64
		{07B61F26-4F3A-43C0-9A61-5E7CBFE10F0D}.Release|x86.ActiveCfg = Release|Win32
		{07B61F26-4F3A-43C0-9A61-5E7CBFE10F0D}.Release|x86.Build.0 = Release|Win32
	EndGlobalSection
	GlobalSection(SolutionProperties) = preSolution
		HideSolutionNode = FALSE
	EndGlobalSection
	GlobalSection(ExtensibilityGlobals) = postSolution
		SolutionGuid = {A00B5F37-0E40-46BA-A679-DC5BD9DF4994}
	EndGlobalSection
EndGlobal
